// !$*UTF8*$!
{
	archiveVersion = 1;
	classes = {
	};
	objectVersion = 46;
	objects = {

/* Begin PBXBuildFile section */
		2E28AF751F217346008A8AB6 /* GPBProtocolBuffers.m in Sources */ = {isa = PBXBuildFile; fileRef = 2E28AF671F217346008A8AB6 /* GPBProtocolBuffers.m */; settings = {COMPILER_FLAGS = "-fno-objc-arc"; }; };
		2E28AF761F217346008A8AB6 /* README.md in Sources */ = {isa = PBXBuildFile; fileRef = 2E28AF741F217346008A8AB6 /* README.md */; };
		2E41DB531F20338300491073 /* app_callback.mm in Sources */ = {isa = PBXBuildFile; fileRef = 2E41DB481F20338300491073 /* app_callback.mm */; };
		2E41DB541F20338300491073 /* NetworkService.mm in Sources */ = {isa = PBXBuildFile; fileRef = 2E41DB4A1F20338300491073 /* NetworkService.mm */; };
		2E41DB551F20338300491073 /* NetworkStatus.m in Sources */ = {isa = PBXBuildFile; fileRef = 2E41DB4C1F20338300491073 /* NetworkStatus.m */; };
		2E41DB561F20338300491073 /* PublishTask.mm in Sources */ = {isa = PBXBuildFile; fileRef = 2E41DB4E1F20338300491073 /* PublishTask.mm */; };
		2E41DB571F20338300491073 /* SubscribeTask.mm in Sources */ = {isa = PBXBuildFile; fileRef = 2E41DB501F20338300491073 /* SubscribeTask.mm */; };
		2E41DB581F20338300491073 /* UnsubscribeTask.mm in Sources */ = {isa = PBXBuildFile; fileRef = 2E41DB521F20338300491073 /* UnsubscribeTask.mm */; };
		2E41DB681F203E0700491073 /* conversation.proto in Resources */ = {isa = PBXBuildFile; fileRef = 2E41DB601F203E0700491073 /* conversation.proto */; };
		2E41DB6A1F203E0700491073 /* message.proto in Resources */ = {isa = PBXBuildFile; fileRef = 2E41DB631F203E0700491073 /* message.proto */; };
		2E41DB6C1F203E0700491073 /* message_content.proto in Resources */ = {isa = PBXBuildFile; fileRef = 2E41DB661F203E0700491073 /* message_content.proto */; };
		2E6840C21F29FCD800E2A6E5 /* pull_message_request.proto in Resources */ = {isa = PBXBuildFile; fileRef = 2E6840C11F29FCD800E2A6E5 /* pull_message_request.proto */; };
		2E6840C51F29FCEE00E2A6E5 /* Conversation.pbobjc.m in Sources */ = {isa = PBXBuildFile; fileRef = 2E6840C41F29FCEE00E2A6E5 /* Conversation.pbobjc.m */; settings = {COMPILER_FLAGS = "-fno-objc-arc"; }; };
		2E6840C81F29FD0400E2A6E5 /* Message.pbobjc.m in Sources */ = {isa = PBXBuildFile; fileRef = 2E6840C71F29FD0400E2A6E5 /* Message.pbobjc.m */; settings = {COMPILER_FLAGS = "-fno-objc-arc"; }; };
		2E6840CB1F29FD0F00E2A6E5 /* MessageContent.pbobjc.m in Sources */ = {isa = PBXBuildFile; fileRef = 2E6840CA1F29FD0F00E2A6E5 /* MessageContent.pbobjc.m */; settings = {COMPILER_FLAGS = "-fno-objc-arc"; }; };
		2E6840CE1F29FD1B00E2A6E5 /* PullMessageRequest.pbobjc.m in Sources */ = {isa = PBXBuildFile; fileRef = 2E6840CD1F29FD1B00E2A6E5 /* PullMessageRequest.pbobjc.m */; settings = {COMPILER_FLAGS = "-fno-objc-arc"; }; };
		2E6840D11F29FD2600E2A6E5 /* PullMessageResult.pbobjc.m in Sources */ = {isa = PBXBuildFile; fileRef = 2E6840D01F29FD2600E2A6E5 /* PullMessageResult.pbobjc.m */; settings = {COMPILER_FLAGS = "-fno-objc-arc"; }; };
		2E6840D31F29FF9200E2A6E5 /* notify_message.proto in Resources */ = {isa = PBXBuildFile; fileRef = 2E6840D21F29FF9200E2A6E5 /* notify_message.proto */; };
		2E6840D61F2A01C800E2A6E5 /* NotifyMessage.pbobjc.m in Sources */ = {isa = PBXBuildFile; fileRef = 2E6840D51F2A01C800E2A6E5 /* NotifyMessage.pbobjc.m */; settings = {COMPILER_FLAGS = "-fno-objc-arc"; }; };
		2E8C3E961F29B4A00070C394 /* Message+Send.m in Sources */ = {isa = PBXBuildFile; fileRef = 2E8C3E951F29B4A00070C394 /* Message+Send.m */; };
		2E8C3E981F29C3B50070C394 /* pull_message_result.proto in Resources */ = {isa = PBXBuildFile; fileRef = 2E8C3E971F29C3B50070C394 /* pull_message_result.proto */; };
		2EA51BF91F2C1E030041FDD8 /* group.proto in Resources */ = {isa = PBXBuildFile; fileRef = 2EA51BF81F2C1E030041FDD8 /* group.proto */; };
		2EA51BFC1F2C1F630041FDD8 /* Group.pbobjc.m in Sources */ = {isa = PBXBuildFile; fileRef = 2EA51BFB1F2C1F630041FDD8 /* Group.pbobjc.m */; settings = {COMPILER_FLAGS = "-fno-objc-arc"; }; };
		2EA51C051F2CD7420041FDD8 /* create_group_request.proto in Resources */ = {isa = PBXBuildFile; fileRef = 2EA51C041F2CD7420041FDD8 /* create_group_request.proto */; };
		2EA51C081F2CD8420041FDD8 /* CreateGroupRequest.pbobjc.m in Sources */ = {isa = PBXBuildFile; fileRef = 2EA51C071F2CD8420041FDD8 /* CreateGroupRequest.pbobjc.m */; settings = {COMPILER_FLAGS = "-fno-objc-arc"; }; };
		2EA51C0A1F2CD91B0041FDD8 /* add_group_member_request.proto in Resources */ = {isa = PBXBuildFile; fileRef = 2EA51C091F2CD91B0041FDD8 /* add_group_member_request.proto */; };
		2EA51C0D1F2CD9900041FDD8 /* AddGroupMemberRequest.pbobjc.m in Sources */ = {isa = PBXBuildFile; fileRef = 2EA51C0C1F2CD9900041FDD8 /* AddGroupMemberRequest.pbobjc.m */; settings = {COMPILER_FLAGS = "-fno-objc-arc"; }; };
		2EA51C0F1F2CD9C90041FDD8 /* remove_group_member_request.proto in Resources */ = {isa = PBXBuildFile; fileRef = 2EA51C0E1F2CD9C90041FDD8 /* remove_group_member_request.proto */; };
		2EA51C111F2CDA1B0041FDD8 /* modify_group_info_request.proto in Resources */ = {isa = PBXBuildFile; fileRef = 2EA51C101F2CDA1B0041FDD8 /* modify_group_info_request.proto */; };
		2EA51C141F2CDAA80041FDD8 /* ModifyGroupInfoRequest.pbobjc.m in Sources */ = {isa = PBXBuildFile; fileRef = 2EA51C131F2CDAA80041FDD8 /* ModifyGroupInfoRequest.pbobjc.m */; settings = {COMPILER_FLAGS = "-fno-objc-arc"; }; };
		2EA51C171F2CDAB30041FDD8 /* RemoveGroupMemberRequest.pbobjc.m in Sources */ = {isa = PBXBuildFile; fileRef = 2EA51C161F2CDAB30041FDD8 /* RemoveGroupMemberRequest.pbobjc.m */; settings = {COMPILER_FLAGS = "-fno-objc-arc"; }; };
		2EA51C191F2CDB250041FDD8 /* general_result.proto in Resources */ = {isa = PBXBuildFile; fileRef = 2EA51C181F2CDB250041FDD8 /* general_result.proto */; };
		2EA51C1C1F2CDB6F0041FDD8 /* GeneralResult.pbobjc.m in Sources */ = {isa = PBXBuildFile; fileRef = 2EA51C1B1F2CDB6F0041FDD8 /* GeneralResult.pbobjc.m */; settings = {COMPILER_FLAGS = "-fno-objc-arc"; }; };
		2EA51C1E1F2CDCBF0041FDD8 /* dismiss_group_request.proto in Resources */ = {isa = PBXBuildFile; fileRef = 2EA51C1D1F2CDCBF0041FDD8 /* dismiss_group_request.proto */; };
		2EA51C211F2CDCF60041FDD8 /* DismissGroupRequest.pbobjc.m in Sources */ = {isa = PBXBuildFile; fileRef = 2EA51C201F2CDCF60041FDD8 /* DismissGroupRequest.pbobjc.m */; settings = {COMPILER_FLAGS = "-fno-objc-arc"; }; };
		2EA51C231F2CDEA10041FDD8 /* quit_group_request.proto in Resources */ = {isa = PBXBuildFile; fileRef = 2EA51C221F2CDEA10041FDD8 /* quit_group_request.proto */; };
		2EA51C261F2CDEC90041FDD8 /* QuitGroupRequest.pbobjc.m in Sources */ = {isa = PBXBuildFile; fileRef = 2EA51C251F2CDEC90041FDD8 /* QuitGroupRequest.pbobjc.m */; settings = {COMPILER_FLAGS = "-fno-objc-arc"; }; };
		2EC3BD7B1F04D61A006C6E6F /* main.m in Sources */ = {isa = PBXBuildFile; fileRef = 2EC3BD7A1F04D61A006C6E6F /* main.m */; };
		2EC3BD7E1F04D61A006C6E6F /* AppDelegate.m in Sources */ = {isa = PBXBuildFile; fileRef = 2EC3BD7D1F04D61A006C6E6F /* AppDelegate.m */; };
		2EC3BD811F04D61A006C6E6F /* ViewController.m in Sources */ = {isa = PBXBuildFile; fileRef = 2EC3BD801F04D61A006C6E6F /* ViewController.m */; };
		2EC3BD841F04D61A006C6E6F /* Main.storyboard in Resources */ = {isa = PBXBuildFile; fileRef = 2EC3BD821F04D61A006C6E6F /* Main.storyboard */; };
		2EC3BD861F04D61A006C6E6F /* Assets.xcassets in Resources */ = {isa = PBXBuildFile; fileRef = 2EC3BD851F04D61A006C6E6F /* Assets.xcassets */; };
		2EC3BD891F04D61A006C6E6F /* LaunchScreen.storyboard in Resources */ = {isa = PBXBuildFile; fileRef = 2EC3BD871F04D61A006C6E6F /* LaunchScreen.storyboard */; };
		2EC3BD981F04D666006C6E6F /* libmars-open-iphone.a in Frameworks */ = {isa = PBXBuildFile; fileRef = 2EC3BD971F04D666006C6E6F /* libmars-open-iphone.a */; };
		2EC3BE031F04DBA0006C6E6F /* mars.framework in Frameworks */ = {isa = PBXBuildFile; fileRef = 2EC3BE021F04DBA0006C6E6F /* mars.framework */; };
		2EC3BE0B1F04E62A006C6E6F /* CoreTelephony.framework in Frameworks */ = {isa = PBXBuildFile; fileRef = 2EC3BE0A1F04E62A006C6E6F /* CoreTelephony.framework */; };
		2EC3BE0D1F04E62F006C6E6F /* SystemConfiguration.framework in Frameworks */ = {isa = PBXBuildFile; fileRef = 2EC3BE0C1F04E62F006C6E6F /* SystemConfiguration.framework */; };
		2EC3BE0F1F04E64A006C6E6F /* libresolv.9.tbd in Frameworks */ = {isa = PBXBuildFile; fileRef = 2EC3BE0E1F04E64A006C6E6F /* libresolv.9.tbd */; };
		2EC3BE111F04E653006C6E6F /* libz.tbd in Frameworks */ = {isa = PBXBuildFile; fileRef = 2EC3BE101F04E653006C6E6F /* libz.tbd */; };
		2EC3BE131F04E658006C6E6F /* UIKit.framework in Frameworks */ = {isa = PBXBuildFile; fileRef = 2EC3BE121F04E658006C6E6F /* UIKit.framework */; };
		2EE4B6121F2ED043006F4087 /* pull_group_info_result.proto in Resources */ = {isa = PBXBuildFile; fileRef = 2EE4B6101F2ED043006F4087 /* pull_group_info_result.proto */; };
		2EE4B6131F2ED043006F4087 /* pull_group_member_result.proto in Resources */ = {isa = PBXBuildFile; fileRef = 2EE4B6111F2ED043006F4087 /* pull_group_member_result.proto */; };
		2EE4B6221F2ED198006F4087 /* id_list_buf.proto in Resources */ = {isa = PBXBuildFile; fileRef = 2EE4B6211F2ED198006F4087 /* id_list_buf.proto */; };
		2EE4B6271F2ED751006F4087 /* id_buf.proto in Resources */ = {isa = PBXBuildFile; fileRef = 2EE4B6261F2ED751006F4087 /* id_buf.proto */; };
		2EE4B62C1F2ED7C3006F4087 /* IdBuf.pbobjc.m in Sources */ = {isa = PBXBuildFile; fileRef = 2EE4B6291F2ED7C3006F4087 /* IdBuf.pbobjc.m */; settings = {COMPILER_FLAGS = "-fno-objc-arc"; }; };
		2EE4B62D1F2ED7C3006F4087 /* IdListBuf.pbobjc.m in Sources */ = {isa = PBXBuildFile; fileRef = 2EE4B62B1F2ED7C3006F4087 /* IdListBuf.pbobjc.m */; settings = {COMPILER_FLAGS = "-fno-objc-arc"; }; };
		2EE4B6321F2ED7E0006F4087 /* PullGroupInfoResult.pbobjc.m in Sources */ = {isa = PBXBuildFile; fileRef = 2EE4B62F1F2ED7E0006F4087 /* PullGroupInfoResult.pbobjc.m */; settings = {COMPILER_FLAGS = "-fno-objc-arc"; }; };
		2EE4B6331F2ED7E0006F4087 /* PullGroupMemberResult.pbobjc.m in Sources */ = {isa = PBXBuildFile; fileRef = 2EE4B6311F2ED7E0006F4087 /* PullGroupMemberResult.pbobjc.m */; settings = {COMPILER_FLAGS = "-fno-objc-arc"; }; };
		2F698A0D1F12489E004B7A80 /* LoginViewController.m in Sources */ = {isa = PBXBuildFile; fileRef = 2F698A0C1F12489E004B7A80 /* LoginViewController.m */; };
/* End PBXBuildFile section */

/* Begin PBXFileReference section */
		2E28AF571F217346008A8AB6 /* GPBArray.h */ = {isa = PBXFileReference; fileEncoding = 4; lastKnownFileType = sourcecode.c.h; path = GPBArray.h; sourceTree = "<group>"; };
		2E28AF581F217346008A8AB6 /* GPBArray_PackagePrivate.h */ = {isa = PBXFileReference; fileEncoding = 4; lastKnownFileType = sourcecode.c.h; path = GPBArray_PackagePrivate.h; sourceTree = "<group>"; };
		2E28AF591F217346008A8AB6 /* GPBBootstrap.h */ = {isa = PBXFileReference; fileEncoding = 4; lastKnownFileType = sourcecode.c.h; path = GPBBootstrap.h; sourceTree = "<group>"; };
		2E28AF5A1F217346008A8AB6 /* GPBCodedInputStream.h */ = {isa = PBXFileReference; fileEncoding = 4; lastKnownFileType = sourcecode.c.h; path = GPBCodedInputStream.h; sourceTree = "<group>"; };
		2E28AF5B1F217346008A8AB6 /* GPBCodedInputStream_PackagePrivate.h */ = {isa = PBXFileReference; fileEncoding = 4; lastKnownFileType = sourcecode.c.h; path = GPBCodedInputStream_PackagePrivate.h; sourceTree = "<group>"; };
		2E28AF5C1F217346008A8AB6 /* GPBCodedOutputStream.h */ = {isa = PBXFileReference; fileEncoding = 4; lastKnownFileType = sourcecode.c.h; path = GPBCodedOutputStream.h; sourceTree = "<group>"; };
		2E28AF5D1F217346008A8AB6 /* GPBCodedOutputStream_PackagePrivate.h */ = {isa = PBXFileReference; fileEncoding = 4; lastKnownFileType = sourcecode.c.h; path = GPBCodedOutputStream_PackagePrivate.h; sourceTree = "<group>"; };
		2E28AF5E1F217346008A8AB6 /* GPBDescriptor.h */ = {isa = PBXFileReference; fileEncoding = 4; lastKnownFileType = sourcecode.c.h; path = GPBDescriptor.h; sourceTree = "<group>"; };
		2E28AF5F1F217346008A8AB6 /* GPBDescriptor_PackagePrivate.h */ = {isa = PBXFileReference; fileEncoding = 4; lastKnownFileType = sourcecode.c.h; path = GPBDescriptor_PackagePrivate.h; sourceTree = "<group>"; };
		2E28AF601F217346008A8AB6 /* GPBDictionary.h */ = {isa = PBXFileReference; fileEncoding = 4; lastKnownFileType = sourcecode.c.h; path = GPBDictionary.h; sourceTree = "<group>"; };
		2E28AF611F217346008A8AB6 /* GPBDictionary_PackagePrivate.h */ = {isa = PBXFileReference; fileEncoding = 4; lastKnownFileType = sourcecode.c.h; path = GPBDictionary_PackagePrivate.h; sourceTree = "<group>"; };
		2E28AF621F217346008A8AB6 /* GPBExtensionInternals.h */ = {isa = PBXFileReference; fileEncoding = 4; lastKnownFileType = sourcecode.c.h; path = GPBExtensionInternals.h; sourceTree = "<group>"; };
		2E28AF631F217346008A8AB6 /* GPBExtensionRegistry.h */ = {isa = PBXFileReference; fileEncoding = 4; lastKnownFileType = sourcecode.c.h; path = GPBExtensionRegistry.h; sourceTree = "<group>"; };
		2E28AF641F217346008A8AB6 /* GPBMessage.h */ = {isa = PBXFileReference; fileEncoding = 4; lastKnownFileType = sourcecode.c.h; path = GPBMessage.h; sourceTree = "<group>"; };
		2E28AF651F217346008A8AB6 /* GPBMessage_PackagePrivate.h */ = {isa = PBXFileReference; fileEncoding = 4; lastKnownFileType = sourcecode.c.h; path = GPBMessage_PackagePrivate.h; sourceTree = "<group>"; };
		2E28AF661F217346008A8AB6 /* GPBProtocolBuffers.h */ = {isa = PBXFileReference; fileEncoding = 4; lastKnownFileType = sourcecode.c.h; path = GPBProtocolBuffers.h; sourceTree = "<group>"; };
		2E28AF671F217346008A8AB6 /* GPBProtocolBuffers.m */ = {isa = PBXFileReference; fileEncoding = 4; lastKnownFileType = sourcecode.c.objc; path = GPBProtocolBuffers.m; sourceTree = "<group>"; };
		2E28AF681F217346008A8AB6 /* GPBProtocolBuffers_RuntimeSupport.h */ = {isa = PBXFileReference; fileEncoding = 4; lastKnownFileType = sourcecode.c.h; path = GPBProtocolBuffers_RuntimeSupport.h; sourceTree = "<group>"; };
		2E28AF691F217346008A8AB6 /* GPBRootObject.h */ = {isa = PBXFileReference; fileEncoding = 4; lastKnownFileType = sourcecode.c.h; path = GPBRootObject.h; sourceTree = "<group>"; };
		2E28AF6A1F217346008A8AB6 /* GPBRootObject_PackagePrivate.h */ = {isa = PBXFileReference; fileEncoding = 4; lastKnownFileType = sourcecode.c.h; path = GPBRootObject_PackagePrivate.h; sourceTree = "<group>"; };
		2E28AF6B1F217346008A8AB6 /* GPBRuntimeTypes.h */ = {isa = PBXFileReference; fileEncoding = 4; lastKnownFileType = sourcecode.c.h; path = GPBRuntimeTypes.h; sourceTree = "<group>"; };
		2E28AF6C1F217346008A8AB6 /* GPBUnknownField.h */ = {isa = PBXFileReference; fileEncoding = 4; lastKnownFileType = sourcecode.c.h; path = GPBUnknownField.h; sourceTree = "<group>"; };
		2E28AF6D1F217346008A8AB6 /* GPBUnknownField_PackagePrivate.h */ = {isa = PBXFileReference; fileEncoding = 4; lastKnownFileType = sourcecode.c.h; path = GPBUnknownField_PackagePrivate.h; sourceTree = "<group>"; };
		2E28AF6E1F217346008A8AB6 /* GPBUnknownFieldSet.h */ = {isa = PBXFileReference; fileEncoding = 4; lastKnownFileType = sourcecode.c.h; path = GPBUnknownFieldSet.h; sourceTree = "<group>"; };
		2E28AF6F1F217346008A8AB6 /* GPBUnknownFieldSet_PackagePrivate.h */ = {isa = PBXFileReference; fileEncoding = 4; lastKnownFileType = sourcecode.c.h; path = GPBUnknownFieldSet_PackagePrivate.h; sourceTree = "<group>"; };
		2E28AF701F217346008A8AB6 /* GPBUtilities.h */ = {isa = PBXFileReference; fileEncoding = 4; lastKnownFileType = sourcecode.c.h; path = GPBUtilities.h; sourceTree = "<group>"; };
		2E28AF711F217346008A8AB6 /* GPBUtilities_PackagePrivate.h */ = {isa = PBXFileReference; fileEncoding = 4; lastKnownFileType = sourcecode.c.h; path = GPBUtilities_PackagePrivate.h; sourceTree = "<group>"; };
		2E28AF721F217346008A8AB6 /* GPBWellKnownTypes.h */ = {isa = PBXFileReference; fileEncoding = 4; lastKnownFileType = sourcecode.c.h; path = GPBWellKnownTypes.h; sourceTree = "<group>"; };
		2E28AF731F217346008A8AB6 /* GPBWireFormat.h */ = {isa = PBXFileReference; fileEncoding = 4; lastKnownFileType = sourcecode.c.h; path = GPBWireFormat.h; sourceTree = "<group>"; };
		2E28AF741F217346008A8AB6 /* README.md */ = {isa = PBXFileReference; fileEncoding = 4; lastKnownFileType = net.daringfireball.markdown; path = README.md; sourceTree = "<group>"; };
		2E28AF9E1F217EEF008A8AB6 /* Any.pbobjc.h */ = {isa = PBXFileReference; fileEncoding = 4; lastKnownFileType = sourcecode.c.h; path = Any.pbobjc.h; sourceTree = "<group>"; };
		2E28AFA01F217EEF008A8AB6 /* Api.pbobjc.h */ = {isa = PBXFileReference; fileEncoding = 4; lastKnownFileType = sourcecode.c.h; path = Api.pbobjc.h; sourceTree = "<group>"; };
		2E28AFA21F217EEF008A8AB6 /* Duration.pbobjc.h */ = {isa = PBXFileReference; fileEncoding = 4; lastKnownFileType = sourcecode.c.h; path = Duration.pbobjc.h; sourceTree = "<group>"; };
		2E28AFA41F217EEF008A8AB6 /* Empty.pbobjc.h */ = {isa = PBXFileReference; fileEncoding = 4; lastKnownFileType = sourcecode.c.h; path = Empty.pbobjc.h; sourceTree = "<group>"; };
		2E28AFA61F217EEF008A8AB6 /* FieldMask.pbobjc.h */ = {isa = PBXFileReference; fileEncoding = 4; lastKnownFileType = sourcecode.c.h; path = FieldMask.pbobjc.h; sourceTree = "<group>"; };
		2E28AFAD1F217F14008A8AB6 /* SourceContext.pbobjc.h */ = {isa = PBXFileReference; fileEncoding = 4; lastKnownFileType = sourcecode.c.h; path = SourceContext.pbobjc.h; sourceTree = "<group>"; };
		2E28AFAF1F217F14008A8AB6 /* Struct.pbobjc.h */ = {isa = PBXFileReference; fileEncoding = 4; lastKnownFileType = sourcecode.c.h; path = Struct.pbobjc.h; sourceTree = "<group>"; };
		2E28AFB11F217F14008A8AB6 /* Timestamp.pbobjc.h */ = {isa = PBXFileReference; fileEncoding = 4; lastKnownFileType = sourcecode.c.h; path = Timestamp.pbobjc.h; sourceTree = "<group>"; };
		2E28AFB31F217F14008A8AB6 /* Type.pbobjc.h */ = {isa = PBXFileReference; fileEncoding = 4; lastKnownFileType = sourcecode.c.h; path = Type.pbobjc.h; sourceTree = "<group>"; };
		2E28AFB51F217F14008A8AB6 /* Wrappers.pbobjc.h */ = {isa = PBXFileReference; fileEncoding = 4; lastKnownFileType = sourcecode.c.h; path = Wrappers.pbobjc.h; sourceTree = "<group>"; };
		2E41DB471F20338300491073 /* app_callback.h */ = {isa = PBXFileReference; fileEncoding = 4; lastKnownFileType = sourcecode.c.h; name = app_callback.h; path = MQTTClient/app_callback.h; sourceTree = "<group>"; };
		2E41DB481F20338300491073 /* app_callback.mm */ = {isa = PBXFileReference; fileEncoding = 4; lastKnownFileType = sourcecode.cpp.objcpp; name = app_callback.mm; path = MQTTClient/app_callback.mm; sourceTree = "<group>"; };
		2E41DB491F20338300491073 /* NetworkService.h */ = {isa = PBXFileReference; fileEncoding = 4; lastKnownFileType = sourcecode.c.h; name = NetworkService.h; path = MQTTClient/NetworkService.h; sourceTree = "<group>"; };
		2E41DB4A1F20338300491073 /* NetworkService.mm */ = {isa = PBXFileReference; fileEncoding = 4; lastKnownFileType = sourcecode.cpp.objcpp; name = NetworkService.mm; path = MQTTClient/NetworkService.mm; sourceTree = "<group>"; };
		2E41DB4B1F20338300491073 /* NetworkStatus.h */ = {isa = PBXFileReference; fileEncoding = 4; lastKnownFileType = sourcecode.c.h; name = NetworkStatus.h; path = MQTTClient/NetworkStatus.h; sourceTree = "<group>"; };
		2E41DB4C1F20338300491073 /* NetworkStatus.m */ = {isa = PBXFileReference; fileEncoding = 4; lastKnownFileType = sourcecode.c.objc; name = NetworkStatus.m; path = MQTTClient/NetworkStatus.m; sourceTree = "<group>"; };
		2E41DB4D1F20338300491073 /* PublishTask.h */ = {isa = PBXFileReference; fileEncoding = 4; lastKnownFileType = sourcecode.c.h; name = PublishTask.h; path = MQTTClient/PublishTask.h; sourceTree = "<group>"; };
		2E41DB4E1F20338300491073 /* PublishTask.mm */ = {isa = PBXFileReference; fileEncoding = 4; lastKnownFileType = sourcecode.cpp.objcpp; name = PublishTask.mm; path = MQTTClient/PublishTask.mm; sourceTree = "<group>"; };
		2E41DB4F1F20338300491073 /* SubscribeTask.h */ = {isa = PBXFileReference; fileEncoding = 4; lastKnownFileType = sourcecode.c.h; name = SubscribeTask.h; path = MQTTClient/SubscribeTask.h; sourceTree = "<group>"; };
		2E41DB501F20338300491073 /* SubscribeTask.mm */ = {isa = PBXFileReference; fileEncoding = 4; lastKnownFileType = sourcecode.cpp.objcpp; name = SubscribeTask.mm; path = MQTTClient/SubscribeTask.mm; sourceTree = "<group>"; };
		2E41DB511F20338300491073 /* UnsubscribeTask.h */ = {isa = PBXFileReference; fileEncoding = 4; lastKnownFileType = sourcecode.c.h; name = UnsubscribeTask.h; path = MQTTClient/UnsubscribeTask.h; sourceTree = "<group>"; };
		2E41DB521F20338300491073 /* UnsubscribeTask.mm */ = {isa = PBXFileReference; fileEncoding = 4; lastKnownFileType = sourcecode.cpp.objcpp; name = UnsubscribeTask.mm; path = MQTTClient/UnsubscribeTask.mm; sourceTree = "<group>"; };
		2E41DB601F203E0700491073 /* conversation.proto */ = {isa = PBXFileReference; fileEncoding = 4; lastKnownFileType = text; path = conversation.proto; sourceTree = "<group>"; };
		2E41DB631F203E0700491073 /* message.proto */ = {isa = PBXFileReference; fileEncoding = 4; lastKnownFileType = text; path = message.proto; sourceTree = "<group>"; };
		2E41DB661F203E0700491073 /* message_content.proto */ = {isa = PBXFileReference; fileEncoding = 4; lastKnownFileType = text; path = message_content.proto; sourceTree = "<group>"; };
		2E6840C11F29FCD800E2A6E5 /* pull_message_request.proto */ = {isa = PBXFileReference; fileEncoding = 4; lastKnownFileType = text; path = pull_message_request.proto; sourceTree = "<group>"; };
		2E6840C31F29FCEE00E2A6E5 /* Conversation.pbobjc.h */ = {isa = PBXFileReference; fileEncoding = 4; lastKnownFileType = sourcecode.c.h; name = Conversation.pbobjc.h; path = protobuf/Conversation.pbobjc.h; sourceTree = "<group>"; };
		2E6840C41F29FCEE00E2A6E5 /* Conversation.pbobjc.m */ = {isa = PBXFileReference; fileEncoding = 4; lastKnownFileType = sourcecode.c.objc; name = Conversation.pbobjc.m; path = protobuf/Conversation.pbobjc.m; sourceTree = "<group>"; };
		2E6840C61F29FD0400E2A6E5 /* Message.pbobjc.h */ = {isa = PBXFileReference; fileEncoding = 4; lastKnownFileType = sourcecode.c.h; path = Message.pbobjc.h; sourceTree = "<group>"; };
		2E6840C71F29FD0400E2A6E5 /* Message.pbobjc.m */ = {isa = PBXFileReference; fileEncoding = 4; lastKnownFileType = sourcecode.c.objc; path = Message.pbobjc.m; sourceTree = "<group>"; };
		2E6840C91F29FD0F00E2A6E5 /* MessageContent.pbobjc.h */ = {isa = PBXFileReference; fileEncoding = 4; lastKnownFileType = sourcecode.c.h; path = MessageContent.pbobjc.h; sourceTree = "<group>"; };
		2E6840CA1F29FD0F00E2A6E5 /* MessageContent.pbobjc.m */ = {isa = PBXFileReference; fileEncoding = 4; lastKnownFileType = sourcecode.c.objc; path = MessageContent.pbobjc.m; sourceTree = "<group>"; };
		2E6840CC1F29FD1B00E2A6E5 /* PullMessageRequest.pbobjc.h */ = {isa = PBXFileReference; fileEncoding = 4; lastKnownFileType = sourcecode.c.h; path = PullMessageRequest.pbobjc.h; sourceTree = "<group>"; };
		2E6840CD1F29FD1B00E2A6E5 /* PullMessageRequest.pbobjc.m */ = {isa = PBXFileReference; fileEncoding = 4; lastKnownFileType = sourcecode.c.objc; path = PullMessageRequest.pbobjc.m; sourceTree = "<group>"; };
		2E6840CF1F29FD2600E2A6E5 /* PullMessageResult.pbobjc.h */ = {isa = PBXFileReference; fileEncoding = 4; lastKnownFileType = sourcecode.c.h; path = PullMessageResult.pbobjc.h; sourceTree = "<group>"; };
		2E6840D01F29FD2600E2A6E5 /* PullMessageResult.pbobjc.m */ = {isa = PBXFileReference; fileEncoding = 4; lastKnownFileType = sourcecode.c.objc; path = PullMessageResult.pbobjc.m; sourceTree = "<group>"; };
		2E6840D21F29FF9200E2A6E5 /* notify_message.proto */ = {isa = PBXFileReference; fileEncoding = 4; lastKnownFileType = text; path = notify_message.proto; sourceTree = "<group>"; };
		2E6840D41F2A01C800E2A6E5 /* NotifyMessage.pbobjc.h */ = {isa = PBXFileReference; fileEncoding = 4; lastKnownFileType = sourcecode.c.h; path = NotifyMessage.pbobjc.h; sourceTree = "<group>"; };
		2E6840D51F2A01C800E2A6E5 /* NotifyMessage.pbobjc.m */ = {isa = PBXFileReference; fileEncoding = 4; lastKnownFileType = sourcecode.c.objc; path = NotifyMessage.pbobjc.m; sourceTree = "<group>"; };
		2E8C3E941F29B4A00070C394 /* Message+Send.h */ = {isa = PBXFileReference; fileEncoding = 4; lastKnownFileType = sourcecode.c.h; path = "Message+Send.h"; sourceTree = "<group>"; };
		2E8C3E951F29B4A00070C394 /* Message+Send.m */ = {isa = PBXFileReference; fileEncoding = 4; lastKnownFileType = sourcecode.c.objc; path = "Message+Send.m"; sourceTree = "<group>"; };
		2E8C3E971F29C3B50070C394 /* pull_message_result.proto */ = {isa = PBXFileReference; fileEncoding = 4; lastKnownFileType = text; path = pull_message_result.proto; sourceTree = "<group>"; };
		2E8C3E9F1F29D9180070C394 /* IMTopic.h */ = {isa = PBXFileReference; fileEncoding = 4; lastKnownFileType = sourcecode.c.h; path = IMTopic.h; sourceTree = "<group>"; };
		2EA51BF81F2C1E030041FDD8 /* group.proto */ = {isa = PBXFileReference; fileEncoding = 4; lastKnownFileType = text; path = group.proto; sourceTree = "<group>"; };
		2EA51BFA1F2C1F630041FDD8 /* Group.pbobjc.h */ = {isa = PBXFileReference; fileEncoding = 4; lastKnownFileType = sourcecode.c.h; path = Group.pbobjc.h; sourceTree = "<group>"; };
		2EA51BFB1F2C1F630041FDD8 /* Group.pbobjc.m */ = {isa = PBXFileReference; fileEncoding = 4; lastKnownFileType = sourcecode.c.objc; path = Group.pbobjc.m; sourceTree = "<group>"; };
		2EA51C041F2CD7420041FDD8 /* create_group_request.proto */ = {isa = PBXFileReference; fileEncoding = 4; lastKnownFileType = text; path = create_group_request.proto; sourceTree = "<group>"; };
		2EA51C061F2CD8420041FDD8 /* CreateGroupRequest.pbobjc.h */ = {isa = PBXFileReference; fileEncoding = 4; lastKnownFileType = sourcecode.c.h; path = CreateGroupRequest.pbobjc.h; sourceTree = "<group>"; };
		2EA51C071F2CD8420041FDD8 /* CreateGroupRequest.pbobjc.m */ = {isa = PBXFileReference; fileEncoding = 4; lastKnownFileType = sourcecode.c.objc; path = CreateGroupRequest.pbobjc.m; sourceTree = "<group>"; };
		2EA51C091F2CD91B0041FDD8 /* add_group_member_request.proto */ = {isa = PBXFileReference; fileEncoding = 4; lastKnownFileType = text; path = add_group_member_request.proto; sourceTree = "<group>"; };
		2EA51C0B1F2CD9900041FDD8 /* AddGroupMemberRequest.pbobjc.h */ = {isa = PBXFileReference; fileEncoding = 4; lastKnownFileType = sourcecode.c.h; path = AddGroupMemberRequest.pbobjc.h; sourceTree = "<group>"; };
		2EA51C0C1F2CD9900041FDD8 /* AddGroupMemberRequest.pbobjc.m */ = {isa = PBXFileReference; fileEncoding = 4; lastKnownFileType = sourcecode.c.objc; path = AddGroupMemberRequest.pbobjc.m; sourceTree = "<group>"; };
		2EA51C0E1F2CD9C90041FDD8 /* remove_group_member_request.proto */ = {isa = PBXFileReference; fileEncoding = 4; lastKnownFileType = text; path = remove_group_member_request.proto; sourceTree = "<group>"; };
		2EA51C101F2CDA1B0041FDD8 /* modify_group_info_request.proto */ = {isa = PBXFileReference; fileEncoding = 4; lastKnownFileType = text; path = modify_group_info_request.proto; sourceTree = "<group>"; };
		2EA51C121F2CDAA80041FDD8 /* ModifyGroupInfoRequest.pbobjc.h */ = {isa = PBXFileReference; fileEncoding = 4; lastKnownFileType = sourcecode.c.h; path = ModifyGroupInfoRequest.pbobjc.h; sourceTree = "<group>"; };
		2EA51C131F2CDAA80041FDD8 /* ModifyGroupInfoRequest.pbobjc.m */ = {isa = PBXFileReference; fileEncoding = 4; lastKnownFileType = sourcecode.c.objc; path = ModifyGroupInfoRequest.pbobjc.m; sourceTree = "<group>"; };
		2EA51C151F2CDAB30041FDD8 /* RemoveGroupMemberRequest.pbobjc.h */ = {isa = PBXFileReference; fileEncoding = 4; lastKnownFileType = sourcecode.c.h; path = RemoveGroupMemberRequest.pbobjc.h; sourceTree = "<group>"; };
		2EA51C161F2CDAB30041FDD8 /* RemoveGroupMemberRequest.pbobjc.m */ = {isa = PBXFileReference; fileEncoding = 4; lastKnownFileType = sourcecode.c.objc; path = RemoveGroupMemberRequest.pbobjc.m; sourceTree = "<group>"; };
		2EA51C181F2CDB250041FDD8 /* general_result.proto */ = {isa = PBXFileReference; fileEncoding = 4; lastKnownFileType = text; path = general_result.proto; sourceTree = "<group>"; };
		2EA51C1A1F2CDB6F0041FDD8 /* GeneralResult.pbobjc.h */ = {isa = PBXFileReference; fileEncoding = 4; lastKnownFileType = sourcecode.c.h; path = GeneralResult.pbobjc.h; sourceTree = "<group>"; };
		2EA51C1B1F2CDB6F0041FDD8 /* GeneralResult.pbobjc.m */ = {isa = PBXFileReference; fileEncoding = 4; lastKnownFileType = sourcecode.c.objc; path = GeneralResult.pbobjc.m; sourceTree = "<group>"; };
		2EA51C1D1F2CDCBF0041FDD8 /* dismiss_group_request.proto */ = {isa = PBXFileReference; fileEncoding = 4; lastKnownFileType = text; path = dismiss_group_request.proto; sourceTree = "<group>"; };
		2EA51C1F1F2CDCF60041FDD8 /* DismissGroupRequest.pbobjc.h */ = {isa = PBXFileReference; fileEncoding = 4; lastKnownFileType = sourcecode.c.h; path = DismissGroupRequest.pbobjc.h; sourceTree = "<group>"; };
		2EA51C201F2CDCF60041FDD8 /* DismissGroupRequest.pbobjc.m */ = {isa = PBXFileReference; fileEncoding = 4; lastKnownFileType = sourcecode.c.objc; path = DismissGroupRequest.pbobjc.m; sourceTree = "<group>"; };
		2EA51C221F2CDEA10041FDD8 /* quit_group_request.proto */ = {isa = PBXFileReference; fileEncoding = 4; lastKnownFileType = text; path = quit_group_request.proto; sourceTree = "<group>"; };
		2EA51C241F2CDEC90041FDD8 /* QuitGroupRequest.pbobjc.h */ = {isa = PBXFileReference; fileEncoding = 4; lastKnownFileType = sourcecode.c.h; path = QuitGroupRequest.pbobjc.h; sourceTree = "<group>"; };
		2EA51C251F2CDEC90041FDD8 /* QuitGroupRequest.pbobjc.m */ = {isa = PBXFileReference; fileEncoding = 4; lastKnownFileType = sourcecode.c.objc; path = QuitGroupRequest.pbobjc.m; sourceTree = "<group>"; };
		2EC3BD761F04D61A006C6E6F /* MQTTDemo.app */ = {isa = PBXFileReference; explicitFileType = wrapper.application; includeInIndex = 0; path = MQTTDemo.app; sourceTree = BUILT_PRODUCTS_DIR; };
		2EC3BD7A1F04D61A006C6E6F /* main.m */ = {isa = PBXFileReference; lastKnownFileType = sourcecode.c.objc; path = main.m; sourceTree = "<group>"; };
		2EC3BD7C1F04D61A006C6E6F /* AppDelegate.h */ = {isa = PBXFileReference; lastKnownFileType = sourcecode.c.h; path = AppDelegate.h; sourceTree = "<group>"; };
		2EC3BD7D1F04D61A006C6E6F /* AppDelegate.m */ = {isa = PBXFileReference; lastKnownFileType = sourcecode.c.objc; path = AppDelegate.m; sourceTree = "<group>"; };
		2EC3BD7F1F04D61A006C6E6F /* ViewController.h */ = {isa = PBXFileReference; lastKnownFileType = sourcecode.c.h; path = ViewController.h; sourceTree = "<group>"; };
		2EC3BD801F04D61A006C6E6F /* ViewController.m */ = {isa = PBXFileReference; lastKnownFileType = sourcecode.c.objc; path = ViewController.m; sourceTree = "<group>"; };
		2EC3BD831F04D61A006C6E6F /* Base */ = {isa = PBXFileReference; lastKnownFileType = file.storyboard; name = Base; path = Base.lproj/Main.storyboard; sourceTree = "<group>"; };
		2EC3BD851F04D61A006C6E6F /* Assets.xcassets */ = {isa = PBXFileReference; lastKnownFileType = folder.assetcatalog; path = Assets.xcassets; sourceTree = "<group>"; };
		2EC3BD881F04D61A006C6E6F /* Base */ = {isa = PBXFileReference; lastKnownFileType = file.storyboard; name = Base; path = Base.lproj/LaunchScreen.storyboard; sourceTree = "<group>"; };
		2EC3BD8A1F04D61A006C6E6F /* Info.plist */ = {isa = PBXFileReference; lastKnownFileType = text.plist.xml; path = Info.plist; sourceTree = "<group>"; };
		2EC3BD971F04D666006C6E6F /* libmars-open-iphone.a */ = {isa = PBXFileReference; lastKnownFileType = archive.ar; name = "libmars-open-iphone.a"; path = "../build/Debug-iphoneos/libmars-open-iphone.a"; sourceTree = "<group>"; };
		2EC3BE021F04DBA0006C6E6F /* mars.framework */ = {isa = PBXFileReference; lastKnownFileType = wrapper.framework; name = mars.framework; path = MQTTDemo/mars.framework; sourceTree = "<group>"; };
		2EC3BE0A1F04E62A006C6E6F /* CoreTelephony.framework */ = {isa = PBXFileReference; lastKnownFileType = wrapper.framework; name = CoreTelephony.framework; path = System/Library/Frameworks/CoreTelephony.framework; sourceTree = SDKROOT; };
		2EC3BE0C1F04E62F006C6E6F /* SystemConfiguration.framework */ = {isa = PBXFileReference; lastKnownFileType = wrapper.framework; name = SystemConfiguration.framework; path = System/Library/Frameworks/SystemConfiguration.framework; sourceTree = SDKROOT; };
		2EC3BE0E1F04E64A006C6E6F /* libresolv.9.tbd */ = {isa = PBXFileReference; lastKnownFileType = "sourcecode.text-based-dylib-definition"; name = libresolv.9.tbd; path = usr/lib/libresolv.9.tbd; sourceTree = SDKROOT; };
		2EC3BE101F04E653006C6E6F /* libz.tbd */ = {isa = PBXFileReference; lastKnownFileType = "sourcecode.text-based-dylib-definition"; name = libz.tbd; path = usr/lib/libz.tbd; sourceTree = SDKROOT; };
		2EC3BE121F04E658006C6E6F /* UIKit.framework */ = {isa = PBXFileReference; lastKnownFileType = wrapper.framework; name = UIKit.framework; path = System/Library/Frameworks/UIKit.framework; sourceTree = SDKROOT; };
		2EE4B6101F2ED043006F4087 /* pull_group_info_result.proto */ = {isa = PBXFileReference; fileEncoding = 4; lastKnownFileType = text; path = pull_group_info_result.proto; sourceTree = "<group>"; };
		2EE4B6111F2ED043006F4087 /* pull_group_member_result.proto */ = {isa = PBXFileReference; fileEncoding = 4; lastKnownFileType = text; path = pull_group_member_result.proto; sourceTree = "<group>"; };
		2EE4B6211F2ED198006F4087 /* id_list_buf.proto */ = {isa = PBXFileReference; fileEncoding = 4; lastKnownFileType = text; path = id_list_buf.proto; sourceTree = "<group>"; };
		2EE4B6261F2ED751006F4087 /* id_buf.proto */ = {isa = PBXFileReference; fileEncoding = 4; lastKnownFileType = text; path = id_buf.proto; sourceTree = "<group>"; };
		2EE4B6281F2ED7C3006F4087 /* IdBuf.pbobjc.h */ = {isa = PBXFileReference; fileEncoding = 4; lastKnownFileType = sourcecode.c.h; path = IdBuf.pbobjc.h; sourceTree = "<group>"; };
		2EE4B6291F2ED7C3006F4087 /* IdBuf.pbobjc.m */ = {isa = PBXFileReference; fileEncoding = 4; lastKnownFileType = sourcecode.c.objc; path = IdBuf.pbobjc.m; sourceTree = "<group>"; };
		2EE4B62A1F2ED7C3006F4087 /* IdListBuf.pbobjc.h */ = {isa = PBXFileReference; fileEncoding = 4; lastKnownFileType = sourcecode.c.h; path = IdListBuf.pbobjc.h; sourceTree = "<group>"; };
		2EE4B62B1F2ED7C3006F4087 /* IdListBuf.pbobjc.m */ = {isa = PBXFileReference; fileEncoding = 4; lastKnownFileType = sourcecode.c.objc; path = IdListBuf.pbobjc.m; sourceTree = "<group>"; };
		2EE4B62E1F2ED7E0006F4087 /* PullGroupInfoResult.pbobjc.h */ = {isa = PBXFileReference; fileEncoding = 4; lastKnownFileType = sourcecode.c.h; path = PullGroupInfoResult.pbobjc.h; sourceTree = "<group>"; };
		2EE4B62F1F2ED7E0006F4087 /* PullGroupInfoResult.pbobjc.m */ = {isa = PBXFileReference; fileEncoding = 4; lastKnownFileType = sourcecode.c.objc; path = PullGroupInfoResult.pbobjc.m; sourceTree = "<group>"; };
		2EE4B6301F2ED7E0006F4087 /* PullGroupMemberResult.pbobjc.h */ = {isa = PBXFileReference; fileEncoding = 4; lastKnownFileType = sourcecode.c.h; path = PullGroupMemberResult.pbobjc.h; sourceTree = "<group>"; };
		2EE4B6311F2ED7E0006F4087 /* PullGroupMemberResult.pbobjc.m */ = {isa = PBXFileReference; fileEncoding = 4; lastKnownFileType = sourcecode.c.objc; path = PullGroupMemberResult.pbobjc.m; sourceTree = "<group>"; };
		2F698A0B1F12489E004B7A80 /* LoginViewController.h */ = {isa = PBXFileReference; fileEncoding = 4; lastKnownFileType = sourcecode.c.h; path = LoginViewController.h; sourceTree = "<group>"; };
		2F698A0C1F12489E004B7A80 /* LoginViewController.m */ = {isa = PBXFileReference; fileEncoding = 4; lastKnownFileType = sourcecode.c.objc; path = LoginViewController.m; sourceTree = "<group>"; };
/* End PBXFileReference section */

/* Begin PBXFrameworksBuildPhase section */
		2EC3BD731F04D61A006C6E6F /* Frameworks */ = {
			isa = PBXFrameworksBuildPhase;
			buildActionMask = 2147483647;
			files = (
				2EC3BE131F04E658006C6E6F /* UIKit.framework in Frameworks */,
				2EC3BE111F04E653006C6E6F /* libz.tbd in Frameworks */,
				2EC3BE0F1F04E64A006C6E6F /* libresolv.9.tbd in Frameworks */,
				2EC3BE0D1F04E62F006C6E6F /* SystemConfiguration.framework in Frameworks */,
				2EC3BE0B1F04E62A006C6E6F /* CoreTelephony.framework in Frameworks */,
				2EC3BD981F04D666006C6E6F /* libmars-open-iphone.a in Frameworks */,
				2EC3BE031F04DBA0006C6E6F /* mars.framework in Frameworks */,
			);
			runOnlyForDeploymentPostprocessing = 0;
		};
/* End PBXFrameworksBuildPhase section */

/* Begin PBXGroup section */
		2E28AF561F217346008A8AB6 /* protobuf */ = {
			isa = PBXGroup;
			children = (
				2E28AF9E1F217EEF008A8AB6 /* Any.pbobjc.h */,
				2E28AFA01F217EEF008A8AB6 /* Api.pbobjc.h */,
				2E28AFA21F217EEF008A8AB6 /* Duration.pbobjc.h */,
				2E28AFA41F217EEF008A8AB6 /* Empty.pbobjc.h */,
				2E28AFA61F217EEF008A8AB6 /* FieldMask.pbobjc.h */,
				2E28AF571F217346008A8AB6 /* GPBArray.h */,
				2E28AF581F217346008A8AB6 /* GPBArray_PackagePrivate.h */,
				2E28AF591F217346008A8AB6 /* GPBBootstrap.h */,
				2E28AF5A1F217346008A8AB6 /* GPBCodedInputStream.h */,
				2E28AF5B1F217346008A8AB6 /* GPBCodedInputStream_PackagePrivate.h */,
				2E28AF5C1F217346008A8AB6 /* GPBCodedOutputStream.h */,
				2E28AF5D1F217346008A8AB6 /* GPBCodedOutputStream_PackagePrivate.h */,
				2E28AF5E1F217346008A8AB6 /* GPBDescriptor.h */,
				2E28AF5F1F217346008A8AB6 /* GPBDescriptor_PackagePrivate.h */,
				2E28AF601F217346008A8AB6 /* GPBDictionary.h */,
				2E28AF611F217346008A8AB6 /* GPBDictionary_PackagePrivate.h */,
				2E28AF621F217346008A8AB6 /* GPBExtensionInternals.h */,
				2E28AF631F217346008A8AB6 /* GPBExtensionRegistry.h */,
				2E28AF641F217346008A8AB6 /* GPBMessage.h */,
				2E28AF651F217346008A8AB6 /* GPBMessage_PackagePrivate.h */,
				2E28AF661F217346008A8AB6 /* GPBProtocolBuffers.h */,
				2E28AF671F217346008A8AB6 /* GPBProtocolBuffers.m */,
				2E28AF681F217346008A8AB6 /* GPBProtocolBuffers_RuntimeSupport.h */,
				2E28AF691F217346008A8AB6 /* GPBRootObject.h */,
				2E28AF6A1F217346008A8AB6 /* GPBRootObject_PackagePrivate.h */,
				2E28AF6B1F217346008A8AB6 /* GPBRuntimeTypes.h */,
				2E28AF6C1F217346008A8AB6 /* GPBUnknownField.h */,
				2E28AF6D1F217346008A8AB6 /* GPBUnknownField_PackagePrivate.h */,
				2E28AF6E1F217346008A8AB6 /* GPBUnknownFieldSet.h */,
				2E28AF6F1F217346008A8AB6 /* GPBUnknownFieldSet_PackagePrivate.h */,
				2E28AF701F217346008A8AB6 /* GPBUtilities.h */,
				2E28AF711F217346008A8AB6 /* GPBUtilities_PackagePrivate.h */,
				2E28AF721F217346008A8AB6 /* GPBWellKnownTypes.h */,
				2E28AF731F217346008A8AB6 /* GPBWireFormat.h */,
				2E28AF741F217346008A8AB6 /* README.md */,
				2E28AFAD1F217F14008A8AB6 /* SourceContext.pbobjc.h */,
				2E28AFAF1F217F14008A8AB6 /* Struct.pbobjc.h */,
				2E28AFB11F217F14008A8AB6 /* Timestamp.pbobjc.h */,
				2E28AFB31F217F14008A8AB6 /* Type.pbobjc.h */,
				2E28AFB51F217F14008A8AB6 /* Wrappers.pbobjc.h */,
			);
			path = protobuf;
			sourceTree = "<group>";
		};
		2E41DB5C1F203E0700491073 /* IMClient */ = {
			isa = PBXGroup;
			children = (
				2E41DB5D1F203E0700491073 /* Proto */,
				2E8C3E941F29B4A00070C394 /* Message+Send.h */,
				2E8C3E951F29B4A00070C394 /* Message+Send.m */,
				2E8C3E9F1F29D9180070C394 /* IMTopic.h */,
			);
			path = IMClient;
			sourceTree = "<group>";
		};
		2E41DB5D1F203E0700491073 /* Proto */ = {
			isa = PBXGroup;
			children = (
				2E28AF561F217346008A8AB6 /* protobuf */,
				2E6840C31F29FCEE00E2A6E5 /* Conversation.pbobjc.h */,
				2E6840C41F29FCEE00E2A6E5 /* Conversation.pbobjc.m */,
				2E41DB601F203E0700491073 /* conversation.proto */,
				2E6840C61F29FD0400E2A6E5 /* Message.pbobjc.h */,
				2E6840C71F29FD0400E2A6E5 /* Message.pbobjc.m */,
				2E41DB631F203E0700491073 /* message.proto */,
				2E6840C91F29FD0F00E2A6E5 /* MessageContent.pbobjc.h */,
				2E6840CA1F29FD0F00E2A6E5 /* MessageContent.pbobjc.m */,
				2E41DB661F203E0700491073 /* message_content.proto */,
				2E6840CC1F29FD1B00E2A6E5 /* PullMessageRequest.pbobjc.h */,
				2E6840CD1F29FD1B00E2A6E5 /* PullMessageRequest.pbobjc.m */,
				2E8C3E971F29C3B50070C394 /* pull_message_result.proto */,
				2E6840CF1F29FD2600E2A6E5 /* PullMessageResult.pbobjc.h */,
				2E6840D01F29FD2600E2A6E5 /* PullMessageResult.pbobjc.m */,
				2E6840C11F29FCD800E2A6E5 /* pull_message_request.proto */,
				2E6840D41F2A01C800E2A6E5 /* NotifyMessage.pbobjc.h */,
				2E6840D51F2A01C800E2A6E5 /* NotifyMessage.pbobjc.m */,
				2E6840D21F29FF9200E2A6E5 /* notify_message.proto */,
				2EA51BFA1F2C1F630041FDD8 /* Group.pbobjc.h */,
				2EA51BFB1F2C1F630041FDD8 /* Group.pbobjc.m */,
				2EA51BF81F2C1E030041FDD8 /* group.proto */,
				2EA51C061F2CD8420041FDD8 /* CreateGroupRequest.pbobjc.h */,
				2EA51C071F2CD8420041FDD8 /* CreateGroupRequest.pbobjc.m */,
				2EA51C041F2CD7420041FDD8 /* create_group_request.proto */,
				2EA51C0B1F2CD9900041FDD8 /* AddGroupMemberRequest.pbobjc.h */,
				2EA51C0C1F2CD9900041FDD8 /* AddGroupMemberRequest.pbobjc.m */,
				2EA51C091F2CD91B0041FDD8 /* add_group_member_request.proto */,
				2EA51C151F2CDAB30041FDD8 /* RemoveGroupMemberRequest.pbobjc.h */,
				2EA51C161F2CDAB30041FDD8 /* RemoveGroupMemberRequest.pbobjc.m */,
				2EA51C0E1F2CD9C90041FDD8 /* remove_group_member_request.proto */,
				2EA51C121F2CDAA80041FDD8 /* ModifyGroupInfoRequest.pbobjc.h */,
				2EA51C131F2CDAA80041FDD8 /* ModifyGroupInfoRequest.pbobjc.m */,
				2EA51C101F2CDA1B0041FDD8 /* modify_group_info_request.proto */,
				2EA51C1A1F2CDB6F0041FDD8 /* GeneralResult.pbobjc.h */,
				2EA51C1B1F2CDB6F0041FDD8 /* GeneralResult.pbobjc.m */,
				2EA51C181F2CDB250041FDD8 /* general_result.proto */,
				2EA51C1F1F2CDCF60041FDD8 /* DismissGroupRequest.pbobjc.h */,
				2EA51C201F2CDCF60041FDD8 /* DismissGroupRequest.pbobjc.m */,
				2EA51C1D1F2CDCBF0041FDD8 /* dismiss_group_request.proto */,
				2EA51C241F2CDEC90041FDD8 /* QuitGroupRequest.pbobjc.h */,
				2EA51C251F2CDEC90041FDD8 /* QuitGroupRequest.pbobjc.m */,
				2EA51C221F2CDEA10041FDD8 /* quit_group_request.proto */,
				2EE4B62E1F2ED7E0006F4087 /* PullGroupInfoResult.pbobjc.h */,
				2EE4B62F1F2ED7E0006F4087 /* PullGroupInfoResult.pbobjc.m */,
				2EE4B6101F2ED043006F4087 /* pull_group_info_result.proto */,
				2EE4B6301F2ED7E0006F4087 /* PullGroupMemberResult.pbobjc.h */,
				2EE4B6311F2ED7E0006F4087 /* PullGroupMemberResult.pbobjc.m */,
				2EE4B6111F2ED043006F4087 /* pull_group_member_result.proto */,
				2EE4B6281F2ED7C3006F4087 /* IdBuf.pbobjc.h */,
				2EE4B6291F2ED7C3006F4087 /* IdBuf.pbobjc.m */,
				2EE4B6261F2ED751006F4087 /* id_buf.proto */,
				2EE4B62A1F2ED7C3006F4087 /* IdListBuf.pbobjc.h */,
				2EE4B62B1F2ED7C3006F4087 /* IdListBuf.pbobjc.m */,
				2EE4B6211F2ED198006F4087 /* id_list_buf.proto */,
			);
			path = Proto;
			sourceTree = "<group>";
		};
		2E4CAB471F1AF4FD00DD3EEC /* MQTTClient */ = {
			isa = PBXGroup;
			children = (
				2E41DB471F20338300491073 /* app_callback.h */,
				2E41DB481F20338300491073 /* app_callback.mm */,
				2E41DB491F20338300491073 /* NetworkService.h */,
				2E41DB4A1F20338300491073 /* NetworkService.mm */,
				2E41DB4B1F20338300491073 /* NetworkStatus.h */,
				2E41DB4C1F20338300491073 /* NetworkStatus.m */,
				2E41DB4D1F20338300491073 /* PublishTask.h */,
				2E41DB4E1F20338300491073 /* PublishTask.mm */,
				2E41DB4F1F20338300491073 /* SubscribeTask.h */,
				2E41DB501F20338300491073 /* SubscribeTask.mm */,
				2E41DB511F20338300491073 /* UnsubscribeTask.h */,
				2E41DB521F20338300491073 /* UnsubscribeTask.mm */,
			);
			name = MQTTClient;
			sourceTree = "<group>";
		};
		2EC3BD6D1F04D61A006C6E6F = {
			isa = PBXGroup;
			children = (
				2EC3BD781F04D61A006C6E6F /* MQTTDemo */,
				2EC3BD771F04D61A006C6E6F /* Products */,
				2EC3BD961F04D666006C6E6F /* Frameworks */,
			);
			sourceTree = "<group>";
		};
		2EC3BD771F04D61A006C6E6F /* Products */ = {
			isa = PBXGroup;
			children = (
				2EC3BD761F04D61A006C6E6F /* MQTTDemo.app */,
			);
			name = Products;
			sourceTree = "<group>";
		};
		2EC3BD781F04D61A006C6E6F /* MQTTDemo */ = {
			isa = PBXGroup;
			children = (
				2E41DB5C1F203E0700491073 /* IMClient */,
				2E4CAB471F1AF4FD00DD3EEC /* MQTTClient */,
				2EC3BD7C1F04D61A006C6E6F /* AppDelegate.h */,
				2EC3BD7D1F04D61A006C6E6F /* AppDelegate.m */,
				2EC3BD7F1F04D61A006C6E6F /* ViewController.h */,
				2EC3BD801F04D61A006C6E6F /* ViewController.m */,
				2F698A0B1F12489E004B7A80 /* LoginViewController.h */,
				2F698A0C1F12489E004B7A80 /* LoginViewController.m */,
				2EC3BD791F04D61A006C6E6F /* Supporting Files */,
			);
			path = MQTTDemo;
			sourceTree = "<group>";
		};
		2EC3BD791F04D61A006C6E6F /* Supporting Files */ = {
			isa = PBXGroup;
			children = (
				2EC3BD821F04D61A006C6E6F /* Main.storyboard */,
				2EC3BD851F04D61A006C6E6F /* Assets.xcassets */,
				2EC3BD871F04D61A006C6E6F /* LaunchScreen.storyboard */,
				2EC3BD8A1F04D61A006C6E6F /* Info.plist */,
				2EC3BD7A1F04D61A006C6E6F /* main.m */,
			);
			name = "Supporting Files";
			sourceTree = "<group>";
		};
		2EC3BD961F04D666006C6E6F /* Frameworks */ = {
			isa = PBXGroup;
			children = (
				2EC3BE021F04DBA0006C6E6F /* mars.framework */,
				2EC3BE121F04E658006C6E6F /* UIKit.framework */,
				2EC3BE101F04E653006C6E6F /* libz.tbd */,
				2EC3BE0E1F04E64A006C6E6F /* libresolv.9.tbd */,
				2EC3BE0C1F04E62F006C6E6F /* SystemConfiguration.framework */,
				2EC3BE0A1F04E62A006C6E6F /* CoreTelephony.framework */,
				2EC3BD971F04D666006C6E6F /* libmars-open-iphone.a */,
			);
			name = Frameworks;
			sourceTree = "<group>";
		};
/* End PBXGroup section */

/* Begin PBXNativeTarget section */
		2EC3BD751F04D61A006C6E6F /* MQTTDemo */ = {
			isa = PBXNativeTarget;
			buildConfigurationList = 2EC3BD8D1F04D61A006C6E6F /* Build configuration list for PBXNativeTarget "MQTTDemo" */;
			buildPhases = (
				2E41DB5B1F203D4700491073 /* ShellScript */,
				2EC3BD721F04D61A006C6E6F /* Sources */,
				2EC3BD731F04D61A006C6E6F /* Frameworks */,
				2EC3BD741F04D61A006C6E6F /* Resources */,
			);
			buildRules = (
			);
			dependencies = (
			);
			name = MQTTDemo;
			productName = MQTTDemo;
			productReference = 2EC3BD761F04D61A006C6E6F /* MQTTDemo.app */;
			productType = "com.apple.product-type.application";
		};
/* End PBXNativeTarget section */

/* Begin PBXProject section */
		2EC3BD6E1F04D61A006C6E6F /* Project object */ = {
			isa = PBXProject;
			attributes = {
				LastUpgradeCheck = 0830;
				ORGANIZATIONNAME = litao;
				TargetAttributes = {
					2EC3BD751F04D61A006C6E6F = {
						CreatedOnToolsVersion = 8.3.3;
						DevelopmentTeam = E7EASRPBGU;
						ProvisioningStyle = Automatic;
					};
				};
			};
			buildConfigurationList = 2EC3BD711F04D61A006C6E6F /* Build configuration list for PBXProject "MQTTDemo" */;
			compatibilityVersion = "Xcode 3.2";
			developmentRegion = English;
			hasScannedForEncodings = 0;
			knownRegions = (
				en,
				Base,
			);
			mainGroup = 2EC3BD6D1F04D61A006C6E6F;
			productRefGroup = 2EC3BD771F04D61A006C6E6F /* Products */;
			projectDirPath = "";
			projectRoot = "";
			targets = (
				2EC3BD751F04D61A006C6E6F /* MQTTDemo */,
			);
		};
/* End PBXProject section */

/* Begin PBXResourcesBuildPhase section */
		2EC3BD741F04D61A006C6E6F /* Resources */ = {
			isa = PBXResourcesBuildPhase;
			buildActionMask = 2147483647;
			files = (
				2EA51C231F2CDEA10041FDD8 /* quit_group_request.proto in Resources */,
				2EC3BD891F04D61A006C6E6F /* LaunchScreen.storyboard in Resources */,
				2E41DB6A1F203E0700491073 /* message.proto in Resources */,
				2EA51C111F2CDA1B0041FDD8 /* modify_group_info_request.proto in Resources */,
				2EA51C0F1F2CD9C90041FDD8 /* remove_group_member_request.proto in Resources */,
				2EA51C051F2CD7420041FDD8 /* create_group_request.proto in Resources */,
				2EC3BD861F04D61A006C6E6F /* Assets.xcassets in Resources */,
				2EE4B6221F2ED198006F4087 /* id_list_buf.proto in Resources */,
				2EE4B6131F2ED043006F4087 /* pull_group_member_result.proto in Resources */,
				2EA51C0A1F2CD91B0041FDD8 /* add_group_member_request.proto in Resources */,
				2EC3BD841F04D61A006C6E6F /* Main.storyboard in Resources */,
				2EA51C191F2CDB250041FDD8 /* general_result.proto in Resources */,
				2EA51BF91F2C1E030041FDD8 /* group.proto in Resources */,
				2E6840D31F29FF9200E2A6E5 /* notify_message.proto in Resources */,
				2E41DB6C1F203E0700491073 /* message_content.proto in Resources */,
				2E6840C21F29FCD800E2A6E5 /* pull_message_request.proto in Resources */,
				2EA51C1E1F2CDCBF0041FDD8 /* dismiss_group_request.proto in Resources */,
				2E41DB681F203E0700491073 /* conversation.proto in Resources */,
				2EE4B6271F2ED751006F4087 /* id_buf.proto in Resources */,
				2E8C3E981F29C3B50070C394 /* pull_message_result.proto in Resources */,
				2EE4B6121F2ED043006F4087 /* pull_group_info_result.proto in Resources */,
			);
			runOnlyForDeploymentPostprocessing = 0;
		};
/* End PBXResourcesBuildPhase section */

/* Begin PBXShellScriptBuildPhase section */
		2E41DB5B1F203D4700491073 /* ShellScript */ = {
			isa = PBXShellScriptBuildPhase;
			buildActionMask = 2147483647;
			files = (
			);
			inputPaths = (
			);
			outputPaths = (
			);
			runOnlyForDeploymentPostprocessing = 0;
			shellPath = /bin/sh;
			shellScript = "cd ./MQTTDemo/IMClient/Proto\nprotoc --objc_out=./ *.proto";
		};
/* End PBXShellScriptBuildPhase section */

/* Begin PBXSourcesBuildPhase section */
		2EC3BD721F04D61A006C6E6F /* Sources */ = {
			isa = PBXSourcesBuildPhase;
			buildActionMask = 2147483647;
			files = (
				2E6840CB1F29FD0F00E2A6E5 /* MessageContent.pbobjc.m in Sources */,
				2EE4B62C1F2ED7C3006F4087 /* IdBuf.pbobjc.m in Sources */,
				2EA51C141F2CDAA80041FDD8 /* ModifyGroupInfoRequest.pbobjc.m in Sources */,
				2E41DB581F20338300491073 /* UnsubscribeTask.mm in Sources */,
				2EE4B6321F2ED7E0006F4087 /* PullGroupInfoResult.pbobjc.m in Sources */,
				2E41DB561F20338300491073 /* PublishTask.mm in Sources */,
				2E41DB551F20338300491073 /* NetworkStatus.m in Sources */,
				2EA51C081F2CD8420041FDD8 /* CreateGroupRequest.pbobjc.m in Sources */,
				2E6840C51F29FCEE00E2A6E5 /* Conversation.pbobjc.m in Sources */,
				2E8C3E961F29B4A00070C394 /* Message+Send.m in Sources */,
				2F698A0D1F12489E004B7A80 /* LoginViewController.m in Sources */,
				2EA51C261F2CDEC90041FDD8 /* QuitGroupRequest.pbobjc.m in Sources */,
				2EC3BD811F04D61A006C6E6F /* ViewController.m in Sources */,
				2E6840D11F29FD2600E2A6E5 /* PullMessageResult.pbobjc.m in Sources */,
				2E41DB541F20338300491073 /* NetworkService.mm in Sources */,
				2EE4B6331F2ED7E0006F4087 /* PullGroupMemberResult.pbobjc.m in Sources */,
				2EC3BD7E1F04D61A006C6E6F /* AppDelegate.m in Sources */,
				2E6840C81F29FD0400E2A6E5 /* Message.pbobjc.m in Sources */,
				2EA51C1C1F2CDB6F0041FDD8 /* GeneralResult.pbobjc.m in Sources */,
				2E6840D61F2A01C800E2A6E5 /* NotifyMessage.pbobjc.m in Sources */,
				2EC3BD7B1F04D61A006C6E6F /* main.m in Sources */,
				2E28AF751F217346008A8AB6 /* GPBProtocolBuffers.m in Sources */,
				2E28AF761F217346008A8AB6 /* README.md in Sources */,
				2EA51C171F2CDAB30041FDD8 /* RemoveGroupMemberRequest.pbobjc.m in Sources */,
				2EA51BFC1F2C1F630041FDD8 /* Group.pbobjc.m in Sources */,
				2E41DB531F20338300491073 /* app_callback.mm in Sources */,
				2EE4B62D1F2ED7C3006F4087 /* IdListBuf.pbobjc.m in Sources */,
				2E41DB571F20338300491073 /* SubscribeTask.mm in Sources */,
				2EA51C211F2CDCF60041FDD8 /* DismissGroupRequest.pbobjc.m in Sources */,
				2EA51C0D1F2CD9900041FDD8 /* AddGroupMemberRequest.pbobjc.m in Sources */,
				2E6840CE1F29FD1B00E2A6E5 /* PullMessageRequest.pbobjc.m in Sources */,
			);
			runOnlyForDeploymentPostprocessing = 0;
		};
/* End PBXSourcesBuildPhase section */

/* Begin PBXVariantGroup section */
		2EC3BD821F04D61A006C6E6F /* Main.storyboard */ = {
			isa = PBXVariantGroup;
			children = (
				2EC3BD831F04D61A006C6E6F /* Base */,
			);
			name = Main.storyboard;
			sourceTree = "<group>";
		};
		2EC3BD871F04D61A006C6E6F /* LaunchScreen.storyboard */ = {
			isa = PBXVariantGroup;
			children = (
				2EC3BD881F04D61A006C6E6F /* Base */,
			);
			name = LaunchScreen.storyboard;
			sourceTree = "<group>";
		};
/* End PBXVariantGroup section */

/* Begin XCBuildConfiguration section */
		2EC3BD8B1F04D61A006C6E6F /* Debug */ = {
			isa = XCBuildConfiguration;
			buildSettings = {
				ALWAYS_SEARCH_USER_PATHS = NO;
				CLANG_ANALYZER_NONNULL = YES;
				CLANG_ANALYZER_NUMBER_OBJECT_CONVERSION = YES_AGGRESSIVE;
				CLANG_CXX_LANGUAGE_STANDARD = "gnu++0x";
				CLANG_CXX_LIBRARY = "libc++";
				CLANG_ENABLE_MODULES = YES;
				CLANG_ENABLE_OBJC_ARC = YES;
				CLANG_WARN_BOOL_CONVERSION = YES;
				CLANG_WARN_CONSTANT_CONVERSION = YES;
				CLANG_WARN_DIRECT_OBJC_ISA_USAGE = YES_ERROR;
				CLANG_WARN_DOCUMENTATION_COMMENTS = YES;
				CLANG_WARN_EMPTY_BODY = YES;
				CLANG_WARN_ENUM_CONVERSION = YES;
				CLANG_WARN_INFINITE_RECURSION = YES;
				CLANG_WARN_INT_CONVERSION = YES;
				CLANG_WARN_OBJC_ROOT_CLASS = YES_ERROR;
				CLANG_WARN_SUSPICIOUS_MOVE = YES;
				CLANG_WARN_UNREACHABLE_CODE = YES;
				CLANG_WARN__DUPLICATE_METHOD_MATCH = YES;
				"CODE_SIGN_IDENTITY[sdk=iphoneos*]" = "iPhone Developer";
				COPY_PHASE_STRIP = NO;
				DEBUG_INFORMATION_FORMAT = dwarf;
				ENABLE_STRICT_OBJC_MSGSEND = YES;
				ENABLE_TESTABILITY = YES;
				GCC_C_LANGUAGE_STANDARD = gnu99;
				GCC_DYNAMIC_NO_PIC = NO;
				GCC_NO_COMMON_BLOCKS = YES;
				GCC_OPTIMIZATION_LEVEL = 0;
				GCC_PREPROCESSOR_DEFINITIONS = (
					"DEBUG=1",
					"$(inherited)",
				);
				GCC_WARN_64_TO_32_BIT_CONVERSION = YES;
				GCC_WARN_ABOUT_RETURN_TYPE = YES_ERROR;
				GCC_WARN_UNDECLARED_SELECTOR = YES;
				GCC_WARN_UNINITIALIZED_AUTOS = YES_AGGRESSIVE;
				GCC_WARN_UNUSED_FUNCTION = YES;
				GCC_WARN_UNUSED_VARIABLE = YES;
				IPHONEOS_DEPLOYMENT_TARGET = 10.3;
				MTL_ENABLE_DEBUG_INFO = YES;
				ONLY_ACTIVE_ARCH = YES;
				SDKROOT = iphoneos;
			};
			name = Debug;
		};
		2EC3BD8C1F04D61A006C6E6F /* Release */ = {
			isa = XCBuildConfiguration;
			buildSettings = {
				ALWAYS_SEARCH_USER_PATHS = NO;
				CLANG_ANALYZER_NONNULL = YES;
				CLANG_ANALYZER_NUMBER_OBJECT_CONVERSION = YES_AGGRESSIVE;
				CLANG_CXX_LANGUAGE_STANDARD = "gnu++0x";
				CLANG_CXX_LIBRARY = "libc++";
				CLANG_ENABLE_MODULES = YES;
				CLANG_ENABLE_OBJC_ARC = YES;
				CLANG_WARN_BOOL_CONVERSION = YES;
				CLANG_WARN_CONSTANT_CONVERSION = YES;
				CLANG_WARN_DIRECT_OBJC_ISA_USAGE = YES_ERROR;
				CLANG_WARN_DOCUMENTATION_COMMENTS = YES;
				CLANG_WARN_EMPTY_BODY = YES;
				CLANG_WARN_ENUM_CONVERSION = YES;
				CLANG_WARN_INFINITE_RECURSION = YES;
				CLANG_WARN_INT_CONVERSION = YES;
				CLANG_WARN_OBJC_ROOT_CLASS = YES_ERROR;
				CLANG_WARN_SUSPICIOUS_MOVE = YES;
				CLANG_WARN_UNREACHABLE_CODE = YES;
				CLANG_WARN__DUPLICATE_METHOD_MATCH = YES;
				"CODE_SIGN_IDENTITY[sdk=iphoneos*]" = "iPhone Developer";
				COPY_PHASE_STRIP = NO;
				DEBUG_INFORMATION_FORMAT = "dwarf-with-dsym";
				ENABLE_NS_ASSERTIONS = NO;
				ENABLE_STRICT_OBJC_MSGSEND = YES;
				GCC_C_LANGUAGE_STANDARD = gnu99;
				GCC_NO_COMMON_BLOCKS = YES;
				GCC_WARN_64_TO_32_BIT_CONVERSION = YES;
				GCC_WARN_ABOUT_RETURN_TYPE = YES_ERROR;
				GCC_WARN_UNDECLARED_SELECTOR = YES;
				GCC_WARN_UNINITIALIZED_AUTOS = YES_AGGRESSIVE;
				GCC_WARN_UNUSED_FUNCTION = YES;
				GCC_WARN_UNUSED_VARIABLE = YES;
				IPHONEOS_DEPLOYMENT_TARGET = 10.3;
				MTL_ENABLE_DEBUG_INFO = NO;
				SDKROOT = iphoneos;
				VALIDATE_PRODUCT = YES;
			};
			name = Release;
		};
		2EC3BD8E1F04D61A006C6E6F /* Debug */ = {
			isa = XCBuildConfiguration;
			buildSettings = {
				ASSETCATALOG_COMPILER_APPICON_NAME = AppIcon;
				DEVELOPMENT_TEAM = E7EASRPBGU;
				FRAMEWORK_SEARCH_PATHS = (
					"$(inherited)",
					"$(PROJECT_DIR)/MQTTDemo",
				);
				HEADER_SEARCH_PATHS = "";
				INFOPLIST_FILE = MQTTDemo/Info.plist;
				LD_RUNPATH_SEARCH_PATHS = "$(inherited) @executable_path/Frameworks";
				OTHER_LDFLAGS = "-v";
				PRODUCT_BUNDLE_IDENTIFIER = com.gmail.tomlee0201.MQTTDemo;
				PRODUCT_NAME = "$(TARGET_NAME)";
				SYSTEM_HEADER_SEARCH_PATHS = ./mars;
				USER_HEADER_SEARCH_PATHS = "";
			};
			name = Debug;
		};
		2EC3BD8F1F04D61A006C6E6F /* Release */ = {
			isa = XCBuildConfiguration;
			buildSettings = {
				ASSETCATALOG_COMPILER_APPICON_NAME = AppIcon;
				DEVELOPMENT_TEAM = E7EASRPBGU;
				FRAMEWORK_SEARCH_PATHS = (
					"$(inherited)",
					"$(PROJECT_DIR)/MQTTDemo",
				);
				HEADER_SEARCH_PATHS = "";
				INFOPLIST_FILE = MQTTDemo/Info.plist;
				LD_RUNPATH_SEARCH_PATHS = "$(inherited) @executable_path/Frameworks";
				OTHER_LDFLAGS = "-v";
				PRODUCT_BUNDLE_IDENTIFIER = com.gmail.tomlee0201.MQTTDemo;
				PRODUCT_NAME = "$(TARGET_NAME)";
				SYSTEM_HEADER_SEARCH_PATHS = ./mars;
				USER_HEADER_SEARCH_PATHS = "";
			};
			name = Release;
		};
/* End XCBuildConfiguration section */

/* Begin XCConfigurationList section */
		2EC3BD711F04D61A006C6E6F /* Build configuration list for PBXProject "MQTTDemo" */ = {
			isa = XCConfigurationList;
			buildConfigurations = (
				2EC3BD8B1F04D61A006C6E6F /* Debug */,
				2EC3BD8C1F04D61A006C6E6F /* Release */,
			);
			defaultConfigurationIsVisible = 0;
			defaultConfigurationName = Release;
		};
		2EC3BD8D1F04D61A006C6E6F /* Build configuration list for PBXNativeTarget "MQTTDemo" */ = {
			isa = XCConfigurationList;
			buildConfigurations = (
				2EC3BD8E1F04D61A006C6E6F /* Debug */,
				2EC3BD8F1F04D61A006C6E6F /* Release */,
			);
			defaultConfigurationIsVisible = 0;
			defaultConfigurationName = Release;
		};
/* End XCConfigurationList section */
	};
	rootObject = 2EC3BD6E1F04D61A006C6E6F /* Project object */;
}
